
Microsoft Visual Studio Solution File, Format Version 12.00
# Visual Studio Version 16
VisualStudioVersion = 16.0.30907.101
MinimumVisualStudioVersion = 10.0.40219.1
Project("{9A19103F-16F7-4668-BE54-9A1E7A4F7556}") = "Wire", "Wire\Wire.csproj", "{A8DA1766-5B33-4443-A1E6-5E6528E0B4B6}"
EndProject
Global
	GlobalSection(SolutionConfigurationPlatforms) = preSolution
		Debug|Any CPU = Debug|Any CPU
		Release|Any CPU = Release|Any CPU
	EndGlobalSection
	GlobalSection(ProjectConfigurationPlatforms) = postSolution
		{A8DA1766-5B33-4443-A1E6-5E6528E0B4B6}.Debug|Any CPU.ActiveCfg = Debug|Any CPU
		{A8DA1766-5B33-4443-A1E6-5E6528E0B4B6}.Debug|Any CPU.Build.0 = Debug|Any CPU
		{A8DA1766-5B33-4443-A1E6-5E6528E0B4B6}.Release|Any CPU.ActiveCfg = Release|Any CPU
		{A8DA1766-5B33-4443-A1E6-5E6528E0B4B6}.Release|Any CPU.Build.0 = Release|Any CPU
	EndGlobalSection
	GlobalSection(SolutionProperties) = preSolution
		HideSolutionNode = FALSE
	EndGlobalSection
	GlobalSection(ExtensibilityGlobals) = postSolution
		SolutionGuid = {7D5C6EA8-84B9-48BE-9237-BBCDB82F1969}
	EndGlobalSection
EndGlobal
